
Microsoft Visual Studio Solution File, Format Version 12.00
# Visual Studio Version 16
VisualStudioVersion = 16.0.31911.196
MinimumVisualStudioVersion = 10.0.40219.1
Project("{FAE04EC0-301F-11D3-BF4B-00C04F79EFBC}") = "Kart Skills 2017", "Kart Skills 2017\Kart Skills 2017.csproj", "{F482CAD5-0C35-4D5A-8B45-417D096AEF29}"
EndProject
Global
	GlobalSection(SolutionConfigurationPlatforms) = preSolution
		Debug|Any CPU = Debug|Any CPU
		Release|Any CPU = Release|Any CPU
	EndGlobalSection
	GlobalSection(ProjectConfigurationPlatforms) = postSolution
		{F482CAD5-0C35-4D5A-8B45-417D096AEF29}.Debug|Any CPU.ActiveCfg = Debug|Any CPU
		{F482CAD5-0C35-4D5A-8B45-417D096AEF29}.Debug|Any CPU.Build.0 = Debug|Any CPU
		{F482CAD5-0C35-4D5A-8B45-417D096AEF29}.Release|Any CPU.ActiveCfg = Release|Any CPU
		{F482CAD5-0C35-4D5A-8B45-417D096AEF29}.Release|Any CPU.Build.0 = Release|Any CPU
	EndGlobalSection
	GlobalSection(SolutionProperties) = preSolution
		HideSolutionNode = FALSE
	EndGlobalSection
	GlobalSection(ExtensibilityGlobals) = postSolution
		SolutionGuid = {112A4AA3-16DD-45AB-B31B-58A6247F246C}
	EndGlobalSection
EndGlobal
